// !$*UTF8*$!
{
	archiveVersion = 1;
	classes = {
	};
	objectVersion = 50;
	objects = {

/* Begin PBXBuildFile section */
		E378551422C76A82003114FD /* AppDelegate.m in Sources */ = {isa = PBXBuildFile; fileRef = E378551322C76A82003114FD /* AppDelegate.m */; };
		E378551A22C76A82003114FD /* Main.storyboard in Resources */ = {isa = PBXBuildFile; fileRef = E378551822C76A82003114FD /* Main.storyboard */; };
		E378551C22C76A87003114FD /* Assets.xcassets in Resources */ = {isa = PBXBuildFile; fileRef = E378551B22C76A87003114FD /* Assets.xcassets */; };
		E378551F22C76A87003114FD /* LaunchScreen.storyboard in Resources */ = {isa = PBXBuildFile; fileRef = E378551D22C76A87003114FD /* LaunchScreen.storyboard */; };
		E378552222C76A87003114FD /* main.m in Sources */ = {isa = PBXBuildFile; fileRef = E378552122C76A87003114FD /* main.m */; };
		E378553022C76CF6003114FD /* WeeklyViewController.m in Sources */ = {isa = PBXBuildFile; fileRef = E378552E22C76CF6003114FD /* WeeklyViewController.m */; };
		E378553122C76CF6003114FD /* WeeklyViewController.xib in Resources */ = {isa = PBXBuildFile; fileRef = E378552F22C76CF6003114FD /* WeeklyViewController.xib */; };
		E378553922C779F0003114FD /* UIColor+CustomColors.m in Sources */ = {isa = PBXBuildFile; fileRef = E378553822C779F0003114FD /* UIColor+CustomColors.m */; };
		E378553D22C77B06003114FD /* UIFont+CustomFonts.m in Sources */ = {isa = PBXBuildFile; fileRef = E378553C22C77B06003114FD /* UIFont+CustomFonts.m */; };
		E378554122C77E82003114FD /* MainViewController.m in Sources */ = {isa = PBXBuildFile; fileRef = E378554022C77E82003114FD /* MainViewController.m */; };
		E378554622C78DC3003114FD /* WeekCollectionView.m in Sources */ = {isa = PBXBuildFile; fileRef = E378554522C78DC3003114FD /* WeekCollectionView.m */; };
		E378554822C78DD1003114FD /* WeekCollectionView.xib in Resources */ = {isa = PBXBuildFile; fileRef = E378554722C78DD1003114FD /* WeekCollectionView.xib */; };
		E378554B22C79308003114FD /* EventKit.framework in Frameworks */ = {isa = PBXBuildFile; fileRef = E378554A22C79308003114FD /* EventKit.framework */; };
/* End PBXBuildFile section */

/* Begin PBXFileReference section */
		E378550F22C76A82003114FD /* DailyCalendar.app */ = {isa = PBXFileReference; explicitFileType = wrapper.application; includeInIndex = 0; path = DailyCalendar.app; sourceTree = BUILT_PRODUCTS_DIR; };
		E378551222C76A82003114FD /* AppDelegate.h */ = {isa = PBXFileReference; lastKnownFileType = sourcecode.c.h; path = AppDelegate.h; sourceTree = "<group>"; };
		E378551322C76A82003114FD /* AppDelegate.m */ = {isa = PBXFileReference; lastKnownFileType = sourcecode.c.objc; path = AppDelegate.m; sourceTree = "<group>"; };
		E378551922C76A82003114FD /* Base */ = {isa = PBXFileReference; lastKnownFileType = file.storyboard; name = Base; path = Base.lproj/Main.storyboard; sourceTree = "<group>"; };
		E378551B22C76A87003114FD /* Assets.xcassets */ = {isa = PBXFileReference; lastKnownFileType = folder.assetcatalog; path = Assets.xcassets; sourceTree = "<group>"; };
		E378551E22C76A87003114FD /* Base */ = {isa = PBXFileReference; lastKnownFileType = file.storyboard; name = Base; path = Base.lproj/LaunchScreen.storyboard; sourceTree = "<group>"; };
		E378552022C76A87003114FD /* Info.plist */ = {isa = PBXFileReference; lastKnownFileType = text.plist.xml; path = Info.plist; sourceTree = "<group>"; };
		E378552122C76A87003114FD /* main.m */ = {isa = PBXFileReference; lastKnownFileType = sourcecode.c.objc; path = main.m; sourceTree = "<group>"; };
		E378552D22C76CF6003114FD /* WeeklyViewController.h */ = {isa = PBXFileReference; lastKnownFileType = sourcecode.c.h; path = WeeklyViewController.h; sourceTree = "<group>"; };
		E378552E22C76CF6003114FD /* WeeklyViewController.m */ = {isa = PBXFileReference; lastKnownFileType = sourcecode.c.objc; path = WeeklyViewController.m; sourceTree = "<group>"; };
		E378552F22C76CF6003114FD /* WeeklyViewController.xib */ = {isa = PBXFileReference; lastKnownFileType = file.xib; path = WeeklyViewController.xib; sourceTree = "<group>"; };
		E378553722C779F0003114FD /* UIColor+CustomColors.h */ = {isa = PBXFileReference; lastKnownFileType = sourcecode.c.h; path = "UIColor+CustomColors.h"; sourceTree = "<group>"; };
		E378553822C779F0003114FD /* UIColor+CustomColors.m */ = {isa = PBXFileReference; lastKnownFileType = sourcecode.c.objc; path = "UIColor+CustomColors.m"; sourceTree = "<group>"; };
		E378553B22C77B06003114FD /* UIFont+CustomFonts.h */ = {isa = PBXFileReference; lastKnownFileType = sourcecode.c.h; path = "UIFont+CustomFonts.h"; sourceTree = "<group>"; };
		E378553C22C77B06003114FD /* UIFont+CustomFonts.m */ = {isa = PBXFileReference; lastKnownFileType = sourcecode.c.objc; path = "UIFont+CustomFonts.m"; sourceTree = "<group>"; };
		E378553F22C77E82003114FD /* MainViewController.h */ = {isa = PBXFileReference; lastKnownFileType = sourcecode.c.h; path = MainViewController.h; sourceTree = "<group>"; };
		E378554022C77E82003114FD /* MainViewController.m */ = {isa = PBXFileReference; lastKnownFileType = sourcecode.c.objc; path = MainViewController.m; sourceTree = "<group>"; };
		E378554422C78DC3003114FD /* WeekCollectionView.h */ = {isa = PBXFileReference; lastKnownFileType = sourcecode.c.h; path = WeekCollectionView.h; sourceTree = "<group>"; };
		E378554522C78DC3003114FD /* WeekCollectionView.m */ = {isa = PBXFileReference; lastKnownFileType = sourcecode.c.objc; path = WeekCollectionView.m; sourceTree = "<group>"; };
		E378554722C78DD1003114FD /* WeekCollectionView.xib */ = {isa = PBXFileReference; lastKnownFileType = file.xib; path = WeekCollectionView.xib; sourceTree = "<group>"; };
		E378554A22C79308003114FD /* EventKit.framework */ = {isa = PBXFileReference; lastKnownFileType = wrapper.framework; name = EventKit.framework; path = System/Library/Frameworks/EventKit.framework; sourceTree = SDKROOT; };
/* End PBXFileReference section */

/* Begin PBXFrameworksBuildPhase section */
		E378550C22C76A82003114FD /* Frameworks */ = {
			isa = PBXFrameworksBuildPhase;
			buildActionMask = 2147483647;
			files = (
				E378554B22C79308003114FD /* EventKit.framework in Frameworks */,
			);
			runOnlyForDeploymentPostprocessing = 0;
		};
/* End PBXFrameworksBuildPhase section */

/* Begin PBXGroup section */
		E378550622C76A82003114FD = {
			isa = PBXGroup;
			children = (
				E378551122C76A82003114FD /* DailyCalendar */,
				E378551022C76A82003114FD /* Products */,
				E378554922C79308003114FD /* Frameworks */,
			);
			sourceTree = "<group>";
		};
		E378551022C76A82003114FD /* Products */ = {
			isa = PBXGroup;
			children = (
				E378550F22C76A82003114FD /* DailyCalendar.app */,
			);
			name = Products;
			sourceTree = "<group>";
		};
		E378551122C76A82003114FD /* DailyCalendar */ = {
			isa = PBXGroup;
			children = (
				E378551222C76A82003114FD /* AppDelegate.h */,
				E378551322C76A82003114FD /* AppDelegate.m */,
				E378553522C779BC003114FD /* Categories */,
				E378554222C78D4F003114FD /* Views */,
				E378552B22C76CB4003114FD /* View Controllers */,
				E378552822C76AA4003114FD /* Resources */,
				E378552122C76A87003114FD /* main.m */,
			);
			path = DailyCalendar;
			sourceTree = "<group>";
		};
		E378552822C76AA4003114FD /* Resources */ = {
			isa = PBXGroup;
			children = (
				E378551822C76A82003114FD /* Main.storyboard */,
				E378551B22C76A87003114FD /* Assets.xcassets */,
				E378551D22C76A87003114FD /* LaunchScreen.storyboard */,
				E378552022C76A87003114FD /* Info.plist */,
			);
			path = Resources;
			sourceTree = "<group>";
		};
		E378552B22C76CB4003114FD /* View Controllers */ = {
			isa = PBXGroup;
			children = (
				E378553E22C77E71003114FD /* MainViewController */,
				E378552C22C76CC5003114FD /* WeeklyViewController */,
			);
			path = "View Controllers";
			sourceTree = "<group>";
		};
		E378552C22C76CC5003114FD /* WeeklyViewController */ = {
			isa = PBXGroup;
			children = (
				E378552D22C76CF6003114FD /* WeeklyViewController.h */,
				E378552E22C76CF6003114FD /* WeeklyViewController.m */,
				E378552F22C76CF6003114FD /* WeeklyViewController.xib */,
			);
			path = WeeklyViewController;
			sourceTree = "<group>";
		};
		E378553522C779BC003114FD /* Categories */ = {
			isa = PBXGroup;
			children = (
				E378553A22C77AE9003114FD /* UIFont+CustomFonts */,
				E378553622C779CB003114FD /* UIColor+CustomColors */,
			);
			path = Categories;
			sourceTree = "<group>";
		};
		E378553622C779CB003114FD /* UIColor+CustomColors */ = {
			isa = PBXGroup;
			children = (
				E378553722C779F0003114FD /* UIColor+CustomColors.h */,
				E378553822C779F0003114FD /* UIColor+CustomColors.m */,
			);
			path = "UIColor+CustomColors";
			sourceTree = "<group>";
		};
		E378553A22C77AE9003114FD /* UIFont+CustomFonts */ = {
			isa = PBXGroup;
			children = (
				E378553B22C77B06003114FD /* UIFont+CustomFonts.h */,
				E378553C22C77B06003114FD /* UIFont+CustomFonts.m */,
			);
			path = "UIFont+CustomFonts";
			sourceTree = "<group>";
		};
		E378553E22C77E71003114FD /* MainViewController */ = {
			isa = PBXGroup;
			children = (
				E378553F22C77E82003114FD /* MainViewController.h */,
				E378554022C77E82003114FD /* MainViewController.m */,
			);
			path = MainViewController;
			sourceTree = "<group>";
		};
		E378554222C78D4F003114FD /* Views */ = {
			isa = PBXGroup;
			children = (
				E378554322C78D80003114FD /* WeekCollectionView */,
			);
			path = Views;
			sourceTree = "<group>";
		};
		E378554322C78D80003114FD /* WeekCollectionView */ = {
			isa = PBXGroup;
			children = (
				E378554422C78DC3003114FD /* WeekCollectionView.h */,
				E378554522C78DC3003114FD /* WeekCollectionView.m */,
				E378554722C78DD1003114FD /* WeekCollectionView.xib */,
			);
			path = WeekCollectionView;
			sourceTree = "<group>";
		};
		E378554922C79308003114FD /* Frameworks */ = {
			isa = PBXGroup;
			children = (
				E378554A22C79308003114FD /* EventKit.framework */,
			);
			name = Frameworks;
			sourceTree = "<group>";
		};
/* End PBXGroup section */

/* Begin PBXNativeTarget section */
		E378550E22C76A82003114FD /* DailyCalendar */ = {
			isa = PBXNativeTarget;
			buildConfigurationList = E378552522C76A87003114FD /* Build configuration list for PBXNativeTarget "DailyCalendar" */;
			buildPhases = (
				E378550B22C76A82003114FD /* Sources */,
				E378550C22C76A82003114FD /* Frameworks */,
				E378550D22C76A82003114FD /* Resources */,
			);
			buildRules = (
			);
			dependencies = (
			);
			name = DailyCalendar;
			productName = DailyCalendar;
			productReference = E378550F22C76A82003114FD /* DailyCalendar.app */;
			productType = "com.apple.product-type.application";
		};
/* End PBXNativeTarget section */

/* Begin PBXProject section */
		E378550722C76A82003114FD /* Project object */ = {
			isa = PBXProject;
			attributes = {
				LastUpgradeCheck = 1020;
				ORGANIZATIONNAME = "Liubou Sakalouskaya";
				TargetAttributes = {
					E378550E22C76A82003114FD = {
						CreatedOnToolsVersion = 10.2.1;
					};
				};
			};
			buildConfigurationList = E378550A22C76A82003114FD /* Build configuration list for PBXProject "DailyCalendar" */;
			compatibilityVersion = "Xcode 9.3";
			developmentRegion = en;
			hasScannedForEncodings = 0;
			knownRegions = (
				en,
				Base,
			);
			mainGroup = E378550622C76A82003114FD;
			productRefGroup = E378551022C76A82003114FD /* Products */;
			projectDirPath = "";
			projectRoot = "";
			targets = (
				E378550E22C76A82003114FD /* DailyCalendar */,
			);
		};
/* End PBXProject section */

/* Begin PBXResourcesBuildPhase section */
		E378550D22C76A82003114FD /* Resources */ = {
			isa = PBXResourcesBuildPhase;
			buildActionMask = 2147483647;
			files = (
				E378551F22C76A87003114FD /* LaunchScreen.storyboard in Resources */,
				E378554822C78DD1003114FD /* WeekCollectionView.xib in Resources */,
				E378553122C76CF6003114FD /* WeeklyViewController.xib in Resources */,
				E378551C22C76A87003114FD /* Assets.xcassets in Resources */,
				E378551A22C76A82003114FD /* Main.storyboard in Resources */,
			);
			runOnlyForDeploymentPostprocessing = 0;
		};
/* End PBXResourcesBuildPhase section */

/* Begin PBXSourcesBuildPhase section */
		E378550B22C76A82003114FD /* Sources */ = {
			isa = PBXSourcesBuildPhase;
			buildActionMask = 2147483647;
			files = (
				E378552222C76A87003114FD /* main.m in Sources */,
				E378554122C77E82003114FD /* MainViewController.m in Sources */,
				E378553022C76CF6003114FD /* WeeklyViewController.m in Sources */,
				E378553D22C77B06003114FD /* UIFont+CustomFonts.m in Sources */,
				E378553922C779F0003114FD /* UIColor+CustomColors.m in Sources */,
				E378551422C76A82003114FD /* AppDelegate.m in Sources */,
				E378554622C78DC3003114FD /* WeekCollectionView.m in Sources */,
			);
			runOnlyForDeploymentPostprocessing = 0;
		};
/* End PBXSourcesBuildPhase section */

/* Begin PBXVariantGroup section */
		E378551822C76A82003114FD /* Main.storyboard */ = {
			isa = PBXVariantGroup;
			children = (
				E378551922C76A82003114FD /* Base */,
			);
			name = Main.storyboard;
			sourceTree = "<group>";
		};
		E378551D22C76A87003114FD /* LaunchScreen.storyboard */ = {
			isa = PBXVariantGroup;
			children = (
				E378551E22C76A87003114FD /* Base */,
			);
			name = LaunchScreen.storyboard;
			sourceTree = "<group>";
		};
/* End PBXVariantGroup section */

/* Begin XCBuildConfiguration section */
		E378552322C76A87003114FD /* Debug */ = {
			isa = XCBuildConfiguration;
			buildSettings = {
				ALWAYS_SEARCH_USER_PATHS = NO;
				CLANG_ANALYZER_NONNULL = YES;
				CLANG_ANALYZER_NUMBER_OBJECT_CONVERSION = YES_AGGRESSIVE;
				CLANG_CXX_LANGUAGE_STANDARD = "gnu++14";
				CLANG_CXX_LIBRARY = "libc++";
				CLANG_ENABLE_MODULES = YES;
				CLANG_ENABLE_OBJC_ARC = YES;
				CLANG_ENABLE_OBJC_WEAK = YES;
				CLANG_WARN_BLOCK_CAPTURE_AUTORELEASING = YES;
				CLANG_WARN_BOOL_CONVERSION = YES;
				CLANG_WARN_COMMA = YES;
				CLANG_WARN_CONSTANT_CONVERSION = YES;
				CLANG_WARN_DEPRECATED_OBJC_IMPLEMENTATIONS = YES;
				CLANG_WARN_DIRECT_OBJC_ISA_USAGE = YES_ERROR;
				CLANG_WARN_DOCUMENTATION_COMMENTS = YES;
				CLANG_WARN_EMPTY_BODY = YES;
				CLANG_WARN_ENUM_CONVERSION = YES;
				CLANG_WARN_INFINITE_RECURSION = YES;
				CLANG_WARN_INT_CONVERSION = YES;
				CLANG_WARN_NON_LITERAL_NULL_CONVERSION = YES;
				CLANG_WARN_OBJC_IMPLICIT_RETAIN_SELF = YES;
				CLANG_WARN_OBJC_LITERAL_CONVERSION = YES;
				CLANG_WARN_OBJC_ROOT_CLASS = YES_ERROR;
				CLANG_WARN_RANGE_LOOP_ANALYSIS = YES;
				CLANG_WARN_STRICT_PROTOTYPES = YES;
				CLANG_WARN_SUSPICIOUS_MOVE = YES;
				CLANG_WARN_UNGUARDED_AVAILABILITY = YES_AGGRESSIVE;
				CLANG_WARN_UNREACHABLE_CODE = YES;
				CLANG_WARN__DUPLICATE_METHOD_MATCH = YES;
				CODE_SIGN_IDENTITY = "iPhone Developer";
				COPY_PHASE_STRIP = NO;
				DEBUG_INFORMATION_FORMAT = dwarf;
				ENABLE_STRICT_OBJC_MSGSEND = YES;
				ENABLE_TESTABILITY = YES;
				GCC_C_LANGUAGE_STANDARD = gnu11;
				GCC_DYNAMIC_NO_PIC = NO;
				GCC_NO_COMMON_BLOCKS = YES;
				GCC_OPTIMIZATION_LEVEL = 0;
				GCC_PREPROCESSOR_DEFINITIONS = (
					"DEBUG=1",
					"$(inherited)",
				);
				GCC_WARN_64_TO_32_BIT_CONVERSION = YES;
				GCC_WARN_ABOUT_RETURN_TYPE = YES_ERROR;
				GCC_WARN_UNDECLARED_SELECTOR = YES;
				GCC_WARN_UNINITIALIZED_AUTOS = YES_AGGRESSIVE;
				GCC_WARN_UNUSED_FUNCTION = YES;
				GCC_WARN_UNUSED_VARIABLE = YES;
				IPHONEOS_DEPLOYMENT_TARGET = 12.2;
				MTL_ENABLE_DEBUG_INFO = INCLUDE_SOURCE;
				MTL_FAST_MATH = YES;
				ONLY_ACTIVE_ARCH = YES;
				SDKROOT = iphoneos;
			};
			name = Debug;
		};
		E378552422C76A87003114FD /* Release */ = {
			isa = XCBuildConfiguration;
			buildSettings = {
				ALWAYS_SEARCH_USER_PATHS = NO;
				CLANG_ANALYZER_NONNULL = YES;
				CLANG_ANALYZER_NUMBER_OBJECT_CONVERSION = YES_AGGRESSIVE;
				CLANG_CXX_LANGUAGE_STANDARD = "gnu++14";
				CLANG_CXX_LIBRARY = "libc++";
				CLANG_ENABLE_MODULES = YES;
				CLANG_ENABLE_OBJC_ARC = YES;
				CLANG_ENABLE_OBJC_WEAK = YES;
				CLANG_WARN_BLOCK_CAPTURE_AUTORELEASING = YES;
				CLANG_WARN_BOOL_CONVERSION = YES;
				CLANG_WARN_COMMA = YES;
				CLANG_WARN_CONSTANT_CONVERSION = YES;
				CLANG_WARN_DEPRECATED_OBJC_IMPLEMENTATIONS = YES;
				CLANG_WARN_DIRECT_OBJC_ISA_USAGE = YES_ERROR;
				CLANG_WARN_DOCUMENTATION_COMMENTS = YES;
				CLANG_WARN_EMPTY_BODY = YES;
				CLANG_WARN_ENUM_CONVERSION = YES;
				CLANG_WARN_INFINITE_RECURSION = YES;
				CLANG_WARN_INT_CONVERSION = YES;
				CLANG_WARN_NON_LITERAL_NULL_CONVERSION = YES;
				CLANG_WARN_OBJC_IMPLICIT_RETAIN_SELF = YES;
				CLANG_WARN_OBJC_LITERAL_CONVERSION = YES;
				CLANG_WARN_OBJC_ROOT_CLASS = YES_ERROR;
				CLANG_WARN_RANGE_LOOP_ANALYSIS = YES;
				CLANG_WARN_STRICT_PROTOTYPES = YES;
				CLANG_WARN_SUSPICIOUS_MOVE = YES;
				CLANG_WARN_UNGUARDED_AVAILABILITY = YES_AGGRESSIVE;
				CLANG_WARN_UNREACHABLE_CODE = YES;
				CLANG_WARN__DUPLICATE_METHOD_MATCH = YES;
				CODE_SIGN_IDENTITY = "iPhone Developer";
				COPY_PHASE_STRIP = NO;
				DEBUG_INFORMATION_FORMAT = "dwarf-with-dsym";
				ENABLE_NS_ASSERTIONS = NO;
				ENABLE_STRICT_OBJC_MSGSEND = YES;
				GCC_C_LANGUAGE_STANDARD = gnu11;
				GCC_NO_COMMON_BLOCKS = YES;
				GCC_WARN_64_TO_32_BIT_CONVERSION = YES;
				GCC_WARN_ABOUT_RETURN_TYPE = YES_ERROR;
				GCC_WARN_UNDECLARED_SELECTOR = YES;
				GCC_WARN_UNINITIALIZED_AUTOS = YES_AGGRESSIVE;
				GCC_WARN_UNUSED_FUNCTION = YES;
				GCC_WARN_UNUSED_VARIABLE = YES;
				IPHONEOS_DEPLOYMENT_TARGET = 12.2;
				MTL_ENABLE_DEBUG_INFO = NO;
				MTL_FAST_MATH = YES;
				SDKROOT = iphoneos;
				VALIDATE_PRODUCT = YES;
			};
			name = Release;
		};
		E378552622C76A87003114FD /* Debug */ = {
			isa = XCBuildConfiguration;
			buildSettings = {
				ASSETCATALOG_COMPILER_APPICON_NAME = AppIcon;
				CODE_SIGN_STYLE = Automatic;
				DEVELOPMENT_TEAM = BPJZ76T894;
				INFOPLIST_FILE = "$(SRCROOT)/DailyCalendar/Resources/Info.plist";
				LD_RUNPATH_SEARCH_PATHS = (
					"$(inherited)",
					"@executable_path/Frameworks",
				);
				PRODUCT_BUNDLE_IDENTIFIER = l.sokol.DailyCalendar;
				PRODUCT_NAME = "$(TARGET_NAME)";
				TARGETED_DEVICE_FAMILY = "1,2";
			};
			name = Debug;
		};
		E378552722C76A87003114FD /* Release */ = {
			isa = XCBuildConfiguration;
			buildSettings = {
				ASSETCATALOG_COMPILER_APPICON_NAME = AppIcon;
				CODE_SIGN_STYLE = Automatic;
				DEVELOPMENT_TEAM = BPJZ76T894;
				INFOPLIST_FILE = "$(SRCROOT)/DailyCalendar/Resources/Info.plist";
				LD_RUNPATH_SEARCH_PATHS = (
					"$(inherited)",
					"@executable_path/Frameworks",
				);
				PRODUCT_BUNDLE_IDENTIFIER = l.sokol.DailyCalendar;
				PRODUCT_NAME = "$(TARGET_NAME)";
				TARGETED_DEVICE_FAMILY = "1,2";
			};
			name = Release;
		};
/* End XCBuildConfiguration section */

/* Begin XCConfigurationList section */
		E378550A22C76A82003114FD /* Build configuration list for PBXProject "DailyCalendar" */ = {
			isa = XCConfigurationList;
			buildConfigurations = (
				E378552322C76A87003114FD /* Debug */,
				E378552422C76A87003114FD /* Release */,
			);
			defaultConfigurationIsVisible = 0;
			defaultConfigurationName = Release;
		};
		E378552522C76A87003114FD /* Build configuration list for PBXNativeTarget "DailyCalendar" */ = {
			isa = XCConfigurationList;
			buildConfigurations = (
				E378552622C76A87003114FD /* Debug */,
				E378552722C76A87003114FD /* Release */,
			);
			defaultConfigurationIsVisible = 0;
			defaultConfigurationName = Release;
		};
/* End XCConfigurationList section */
	};
	rootObject = E378550722C76A82003114FD /* Project object */;
}
